
Microsoft Visual Studio Solution File, Format Version 12.00
# Visual Studio 14
VisualStudioVersion = 14.0.25123.0
MinimumVisualStudioVersion = 10.0.40219.1
Project("{A07B5EB6-E848-4116-A8D0-A826331D98C6}") = "Drones", "src\Drones\Drones.sfproj", "{7CD82D4D-8715-4655-9D79-2B6DB3370CF8}"
EndProject
Project("{FAE04EC0-301F-11D3-BF4B-00C04F79EFBC}") = "DroneWebApi", "src\DroneWebApi\DroneWebApi.csproj", "{4D3B6E26-4367-4F2F-9789-27C473E824E0}"
EndProject
Project("{FAE04EC0-301F-11D3-BF4B-00C04F79EFBC}") = "DroneRegistry", "src\DroneRegistry\DroneRegistry.csproj", "{DF47C24F-649B-4C9C-9E7C-C565551CD5B3}"
EndProject
Project("{FAE04EC0-301F-11D3-BF4B-00C04F79EFBC}") = "Drones.Shared", "src\Drones.Shared\Drones.Shared.csproj", "{7B77119A-AA55-4913-93C3-53C29B83E91F}"
EndProject
Project("{FAE04EC0-301F-11D3-BF4B-00C04F79EFBC}") = "DroneActor", "src\DroneActor\DroneActor.csproj", "{F6CEE34E-77CF-4D70-A799-7A74ED1C0EB4}"
EndProject
Project("{FAE04EC0-301F-11D3-BF4B-00C04F79EFBC}") = "DroneManager", "src\DroneManager\DroneManager.csproj", "{94E878A1-1B2C-4F2A-B9E5-805E4ADE045A}"
EndProject
Project("{FAE04EC0-301F-11D3-BF4B-00C04F79EFBC}") = "DroneSimulator", "src\DroneSimulator\DroneSimulator.csproj", "{04BDA53E-2D35-4484-8FF0-96AD28F9052C}"
EndProject
Project("{FAE04EC0-301F-11D3-BF4B-00C04F79EFBC}") = "DroneQueryEngine", "DroneQueryEngine\DroneQueryEngine.csproj", "{2A3AEAFF-210B-44C5-9E0F-07CE1D6E0775}"
EndProject
Global
	GlobalSection(SolutionConfigurationPlatforms) = preSolution
		Debug|Any CPU = Debug|Any CPU
		Debug|x64 = Debug|x64
		Release|Any CPU = Release|Any CPU
		Release|x64 = Release|x64
	EndGlobalSection
	GlobalSection(ProjectConfigurationPlatforms) = postSolution
		{7CD82D4D-8715-4655-9D79-2B6DB3370CF8}.Debug|Any CPU.ActiveCfg = Debug|x64
		{7CD82D4D-8715-4655-9D79-2B6DB3370CF8}.Debug|x64.ActiveCfg = Debug|x64
		{7CD82D4D-8715-4655-9D79-2B6DB3370CF8}.Debug|x64.Build.0 = Debug|x64
		{7CD82D4D-8715-4655-9D79-2B6DB3370CF8}.Debug|x64.Deploy.0 = Debug|x64
		{7CD82D4D-8715-4655-9D79-2B6DB3370CF8}.Release|Any CPU.ActiveCfg = Release|x64
		{7CD82D4D-8715-4655-9D79-2B6DB3370CF8}.Release|x64.ActiveCfg = Release|x64
		{7CD82D4D-8715-4655-9D79-2B6DB3370CF8}.Release|x64.Build.0 = Release|x64
		{7CD82D4D-8715-4655-9D79-2B6DB3370CF8}.Release|x64.Deploy.0 = Release|x64
		{4D3B6E26-4367-4F2F-9789-27C473E824E0}.Debug|Any CPU.ActiveCfg = Debug|x64
		{4D3B6E26-4367-4F2F-9789-27C473E824E0}.Debug|x64.ActiveCfg = Debug|x64
		{4D3B6E26-4367-4F2F-9789-27C473E824E0}.Debug|x64.Build.0 = Debug|x64
		{4D3B6E26-4367-4F2F-9789-27C473E824E0}.Release|Any CPU.ActiveCfg = Release|x64
		{4D3B6E26-4367-4F2F-9789-27C473E824E0}.Release|x64.ActiveCfg = Release|x64
		{4D3B6E26-4367-4F2F-9789-27C473E824E0}.Release|x64.Build.0 = Release|x64
		{DF47C24F-649B-4C9C-9E7C-C565551CD5B3}.Debug|Any CPU.ActiveCfg = Debug|x64
		{DF47C24F-649B-4C9C-9E7C-C565551CD5B3}.Debug|x64.ActiveCfg = Debug|x64
		{DF47C24F-649B-4C9C-9E7C-C565551CD5B3}.Debug|x64.Build.0 = Debug|x64
		{DF47C24F-649B-4C9C-9E7C-C565551CD5B3}.Release|Any CPU.ActiveCfg = Release|x64
		{DF47C24F-649B-4C9C-9E7C-C565551CD5B3}.Release|x64.ActiveCfg = Release|x64
		{DF47C24F-649B-4C9C-9E7C-C565551CD5B3}.Release|x64.Build.0 = Release|x64
		{7B77119A-AA55-4913-93C3-53C29B83E91F}.Debug|Any CPU.ActiveCfg = Debug|x64
		{7B77119A-AA55-4913-93C3-53C29B83E91F}.Debug|x64.ActiveCfg = Debug|x64
		{7B77119A-AA55-4913-93C3-53C29B83E91F}.Debug|x64.Build.0 = Debug|x64
		{7B77119A-AA55-4913-93C3-53C29B83E91F}.Release|Any CPU.ActiveCfg = Release|x64
		{7B77119A-AA55-4913-93C3-53C29B83E91F}.Release|x64.ActiveCfg = Release|x64
		{7B77119A-AA55-4913-93C3-53C29B83E91F}.Release|x64.Build.0 = Release|x64
		{F6CEE34E-77CF-4D70-A799-7A74ED1C0EB4}.Debug|Any CPU.ActiveCfg = Debug|x64
		{F6CEE34E-77CF-4D70-A799-7A74ED1C0EB4}.Debug|x64.ActiveCfg = Debug|x64
		{F6CEE34E-77CF-4D70-A799-7A74ED1C0EB4}.Debug|x64.Build.0 = Debug|x64
		{F6CEE34E-77CF-4D70-A799-7A74ED1C0EB4}.Release|Any CPU.ActiveCfg = Release|x64
		{F6CEE34E-77CF-4D70-A799-7A74ED1C0EB4}.Release|x64.ActiveCfg = Release|x64
		{F6CEE34E-77CF-4D70-A799-7A74ED1C0EB4}.Release|x64.Build.0 = Release|x64
		{94E878A1-1B2C-4F2A-B9E5-805E4ADE045A}.Debug|Any CPU.ActiveCfg = Debug|x64
		{94E878A1-1B2C-4F2A-B9E5-805E4ADE045A}.Debug|x64.ActiveCfg = Debug|x64
		{94E878A1-1B2C-4F2A-B9E5-805E4ADE045A}.Debug|x64.Build.0 = Debug|x64
		{94E878A1-1B2C-4F2A-B9E5-805E4ADE045A}.Release|Any CPU.ActiveCfg = Release|x64
		{94E878A1-1B2C-4F2A-B9E5-805E4ADE045A}.Release|x64.ActiveCfg = Release|x64
		{94E878A1-1B2C-4F2A-B9E5-805E4ADE045A}.Release|x64.Build.0 = Release|x64
		{04BDA53E-2D35-4484-8FF0-96AD28F9052C}.Debug|Any CPU.ActiveCfg = Debug|x64
		{04BDA53E-2D35-4484-8FF0-96AD28F9052C}.Debug|x64.ActiveCfg = Debug|x64
		{04BDA53E-2D35-4484-8FF0-96AD28F9052C}.Debug|x64.Build.0 = Debug|x64
		{04BDA53E-2D35-4484-8FF0-96AD28F9052C}.Release|Any CPU.ActiveCfg = Release|x64
		{04BDA53E-2D35-4484-8FF0-96AD28F9052C}.Release|x64.ActiveCfg = Release|x64
		{04BDA53E-2D35-4484-8FF0-96AD28F9052C}.Release|x64.Build.0 = Release|x64
		{2A3AEAFF-210B-44C5-9E0F-07CE1D6E0775}.Debug|Any CPU.ActiveCfg = Debug|x64
		{2A3AEAFF-210B-44C5-9E0F-07CE1D6E0775}.Debug|x64.ActiveCfg = Debug|x64
		{2A3AEAFF-210B-44C5-9E0F-07CE1D6E0775}.Debug|x64.Build.0 = Debug|x64
		{2A3AEAFF-210B-44C5-9E0F-07CE1D6E0775}.Release|Any CPU.ActiveCfg = Release|x64
		{2A3AEAFF-210B-44C5-9E0F-07CE1D6E0775}.Release|x64.ActiveCfg = Release|x64
		{2A3AEAFF-210B-44C5-9E0F-07CE1D6E0775}.Release|x64.Build.0 = Release|x64
	EndGlobalSection
	GlobalSection(SolutionProperties) = preSolution
		HideSolutionNode = FALSE
	EndGlobalSection
EndGlobal
